{
    "name": "real-time-notes",
    "version": "0.0.1",
    "lockfileVersion": 1,
    "requires": true,
    "dependencies": {
        "@angular/animations": {
            "version": "4.3.0",
            "resolved": "https://registry.npmjs.org/@angular/animations/-/animations-4.3.0.tgz",
            "integrity": "sha1-VvNLhGSTeSAqw1mSm4LrC5FenHI="
        },
        "@angular/cdk": {
            "version": "2.0.0-beta.8",
            "resolved": "https://registry.npmjs.org/@angular/cdk/-/cdk-2.0.0-beta.8.tgz",
            "integrity": "sha512-OOtK+AA14cmRG9AbUgvoKC9Tooz0N37GTaRSV+xziC8GxXHgwvTu4PFSFHlBnHPipOYC/tB2oP39j3KuurEMPA=="
        },
        "@angular/common": {
            "version": "4.3.0",
            "resolved": "https://registry.npmjs.org/@angular/common/-/common-4.3.0.tgz",
            "integrity": "sha1-E6VKaSndUvlymxauRG+tWP4WMFM="
        },
        "@angular/compiler": {
            "version": "4.3.0",
            "resolved": "https://registry.npmjs.org/@angular/compiler/-/compiler-4.3.0.tgz",
            "integrity": "sha1-VVA78nofBi9xuUlTk/MxGQOo/EM="
        },
        "@angular/core": {
            "version": "11.0.5",
            "resolved": "https://registry.npmjs.org/@angular/core/-/core-11.0.5.tgz",
            "integrity": "sha512-XAXWQi7R3ucZXQwx9QK5jSKJeQyRJ53u2dQDpr7R5stzeCy1a5hrNOkZLg9zOTTPcth/6+FrOrRZP9SMdxtw3w==",
            "requires": {
                "tslib": "^2.0.0"
            },
            "dependencies": {
                "tslib": {
                    "version": "2.4.0",
                    "resolved": "https://registry.npmjs.org/tslib/-/tslib-2.4.0.tgz",
                    "integrity": "sha512-d6xOpEDfsi2CZVlPQzGeux8XMwLT9hssAsaPYExaQMuYskwb+x1x7J371tWlbBdWHroy99KnVB6qIkUbs5X3UQ=="
                }
            }
        },
        "@angular/forms": {
            "version": "4.3.0",
            "resolved": "https://registry.npmjs.org/@angular/forms/-/forms-4.3.0.tgz",
            "integrity": "sha1-fQx6hUc36aMKX9lmX41PVqG5G9g="
        },
        "@angular/http": {
            "version": "4.3.0",
            "resolved": "https://registry.npmjs.org/@angular/http/-/http-4.3.0.tgz",
            "integrity": "sha1-37czEKhApq2AUKxR8OVcSYTbCSY="
        },
        "@angular/material": {
            "version": "2.0.0-beta.8",
            "resolved": "https://registry.npmjs.org/@angular/material/-/material-2.0.0-beta.8.tgz",
            "integrity": "sha512-4+OecvjU15i+l/vXBP2qEHdlsU9taK6kBhsWKsxNLK3+TAVoV5qjc2rjOucHtTwI/oOjyBXnLJP6pl4tuLEUQw=="
        },
        "@angular/platform-browser": {
            "version": "4.3.0",
            "resolved": "https://registry.npmjs.org/@angular/platform-browser/-/platform-browser-4.3.0.tgz",
            "integrity": "sha1-AjiUiRhRhcO+zwY1k0YQDlR5x+E="
        },
        "@angular/platform-browser-dynamic": {
            "version": "4.3.0",
            "resolved": "https://registry.npmjs.org/@angular/platform-browser-dynamic/-/platform-browser-dynamic-4.3.0.tgz",
            "integrity": "sha1-VR+xiFGyfujz5LDuJarRC9ezEuM="
        },
        "@angular/router": {
            "version": "4.3.0",
            "resolved": "https://registry.npmjs.org/@angular/router/-/router-4.3.0.tgz",
            "integrity": "sha1-cbQo8YXrkWGh3hTcGUkhndzf/a4="
        },
        "@angular/upgrade": {
            "version": "4.3.0",
            "resolved": "https://registry.npmjs.org/@angular/upgrade/-/upgrade-4.3.0.tgz",
            "integrity": "sha1-lHvnC1IDdS4RgZP5J580gVGgjsk="
        },
        "@types/socket.io-client": {
            "version": "1.4.29",
            "resolved": "https://registry.npmjs.org/@types/socket.io-client/-/socket.io-client-1.4.29.tgz",
            "integrity": "sha1-+HQwcM7pMXXjbgtqd6ivc+WMyzI="
        },
        "awesome-typescript-loader": {
            "version": "3.2.1",
            "resolved": "https://registry.npmjs.org/awesome-typescript-loader/-/awesome-typescript-loader-3.2.1.tgz",
            "integrity": "sha512-/4abhqe5+wX/hQrquLT95o3QkaUCkzOfC6XQZcbk5sxI5V4rxcA3az7DQRHoHL2EWn7mnP3orzNfkjZAA/TVzA==",
            "dev": true
        },
        "bluebird": {
            "version": "3.5.0",
            "resolved": "https://registry.npmjs.org/bluebird/-/bluebird-3.5.0.tgz",
            "integrity": "sha1-eRQg1/VR7qKJdFOop3ZT+WYG1nw="
        },
        "body-parser": {
            "version": "1.17.2",
            "resolved": "https://registry.npmjs.org/body-parser/-/body-parser-1.17.2.tgz",
            "integrity": "sha1-+IkqvI+eYn1Crtr7yma/WrmRBO4="
        },
        "core-js": {
            "version": "2.4.1",
            "resolved": "https://registry.npmjs.org/core-js/-/core-js-2.4.1.tgz",
            "integrity": "sha1-TekR5mew6ukSTjQlS1OupvxhjT4="
        },
        "express": {
            "version": "4.15.3",
            "resolved": "https://registry.npmjs.org/express/-/express-4.15.3.tgz",
            "integrity": "sha1-urZdDwOqgMNYQIly/HAPkWlEtmI="
        },
        "hammerjs": {
            "version": "2.0.8",
            "resolved": "https://registry.npmjs.org/hammerjs/-/hammerjs-2.0.8.tgz",
            "integrity": "sha1-BO93hiz/K7edMPdpIJWTAiK/YPE="
        },
        "jsonwebtoken": {
            "version": "7.4.1",
            "resolved": "https://registry.npmjs.org/jsonwebtoken/-/jsonwebtoken-7.4.1.tgz",
            "integrity": "sha1-fKMk9SFfi+A5zTWmxFu4y3SkSPs="
        },
        "mongoose": {
            "version": "4.11.3",
            "resolved": "https://registry.npmjs.org/mongoose/-/mongoose-4.11.3.tgz",
            "integrity": "sha1-+T1CeygsLnmLD+FTL7Qafd5umNM="
        },
        "ngx-toastr": {
            "version": "5.3.0",
            "resolved": "https://registry.npmjs.org/ngx-toastr/-/ngx-toastr-5.3.0.tgz",
            "integrity": "sha512-rmAGpa8tCkXlQrjddEyBVyf3V9Y65YUeRET2LJCpFqaln2y6tagI9+FfJZIJARgTYpkzwep3XvH7v/ufZZUJ2A=="
        },
        "reflect-metadata": {
            "version": "0.1.10",
            "resolved": "https://registry.npmjs.org/reflect-metadata/-/reflect-metadata-0.1.10.tgz",
            "integrity": "sha1-tPg3BEFqytiZiMmxVjXUfgO5NEo="
        },
        "rxjs": {
            "version": "5.4.2",
            "resolved": "https://registry.npmjs.org/rxjs/-/rxjs-5.4.2.tgz",
            "integrity": "sha1-KjI2/L8D31e64G/Wly/ZnlwI/Pc="
        },
        "socket.io": {
            "version": "2.0.3",
            "resolved": "https://registry.npmjs.org/socket.io/-/socket.io-2.0.3.tgz",
            "integrity": "sha1-Q1nwaiSTOua9CHeYr3jGgOrjReM="
        },
        "socket.io-client": {
            "version": "2.0.3",
            "resolved": "https://registry.npmjs.org/socket.io-client/-/socket.io-client-2.0.3.tgz",
            "integrity": "sha1-bK9K/5+FsZ/ZG2zhPWmttWT4hzs="
        },
        "typescript": {
            "version": "2.4.1",
            "resolved": "https://registry.npmjs.org/typescript/-/typescript-2.4.1.tgz",
            "integrity": "sha1-w8yxbdqgsjFN4DHn5v7onlujRrw=",
            "dev": true
        },
        "webpack": {
            "version": "2.7.0",
            "resolved": "https://registry.npmjs.org/webpack/-/webpack-2.7.0.tgz",
            "integrity": "sha512-MjAA0ZqO1ba7ZQJRnoCdbM56mmFpipOPUv/vQpwwfSI42p5PVDdoiuK2AL2FwFUVgT859Jr43bFZXRg/LNsqvg==",
            "dev": true,
            "dependencies": {
                "loader-utils": {
                    "version": "0.2.17",
                    "resolved": "https://registry.npmjs.org/loader-utils/-/loader-utils-0.2.17.tgz",
                    "integrity": "sha1-+G5jdNQyBabmxg6RlvF8Apm/s0g="
                }
            }
        },
        "zone.js": {
            "version": "0.8.13",
            "resolved": "https://registry.npmjs.org/zone.js/-/zone.js-0.8.13.tgz",
            "integrity": "sha1-8IIlJfrZQVgqA7v+ceshdAMV3dA="
        }
    }
}
