{
    "name": "real-time-notes",
    "version": "0.0.1",
    "lockfileVersion": 1,
    "requires": true,
    "dependencies": {
        "@angular/animations": {
            "version": "4.3.0",
            "resolved": "https://registry.npmjs.org/@angular/animations/-/animations-4.3.0.tgz",
            "integrity": "sha1-VvNLhGSTeSAqw1mSm4LrC5FenHI="
        },
        "@angular/cdk": {
            "version": "2.0.0-beta.8",
            "resolved": "https://registry.npmjs.org/@angular/cdk/-/cdk-2.0.0-beta.8.tgz",
            "integrity": "sha512-OOtK+AA14cmRG9AbUgvoKC9Tooz0N37GTaRSV+xziC8GxXHgwvTu4PFSFHlBnHPipOYC/tB2oP39j3KuurEMPA=="
        },
        "@angular/common": {
            "version": "4.3.0",
            "resolved": "https://registry.npmjs.org/@angular/common/-/common-4.3.0.tgz",
            "integrity": "sha1-E6VKaSndUvlymxauRG+tWP4WMFM="
        },
        "@angular/compiler": {
            "version": "4.3.0",
            "resolved": "https://registry.npmjs.org/@angular/compiler/-/compiler-4.3.0.tgz",
            "integrity": "sha1-VVA78nofBi9xuUlTk/MxGQOo/EM="
        },
        "@angular/core": {
            "version": "4.3.0",
            "resolved": "https://registry.npmjs.org/@angular/core/-/core-4.3.0.tgz",
            "integrity": "sha1-vSJJw94SJKfGU2xKunKNZWUykzQ="
        },
        "@angular/forms": {
            "version": "4.3.0",
            "resolved": "https://registry.npmjs.org/@angular/forms/-/forms-4.3.0.tgz",
            "integrity": "sha1-fQx6hUc36aMKX9lmX41PVqG5G9g="
        },
        "@angular/http": {
            "version": "4.3.0",
            "resolved": "https://registry.npmjs.org/@angular/http/-/http-4.3.0.tgz",
            "integrity": "sha1-37czEKhApq2AUKxR8OVcSYTbCSY="
        },
        "@angular/material": {
            "version": "2.0.0-beta.8",
            "resolved": "https://registry.npmjs.org/@angular/material/-/material-2.0.0-beta.8.tgz",
            "integrity": "sha512-4+OecvjU15i+l/vXBP2qEHdlsU9taK6kBhsWKsxNLK3+TAVoV5qjc2rjOucHtTwI/oOjyBXnLJP6pl4tuLEUQw=="
        },
        "@angular/platform-browser": {
            "version": "4.3.0",
            "resolved": "https://registry.npmjs.org/@angular/platform-browser/-/platform-browser-4.3.0.tgz",
            "integrity": "sha1-AjiUiRhRhcO+zwY1k0YQDlR5x+E="
        },
        "@angular/platform-browser-dynamic": {
            "version": "4.3.0",
            "resolved": "https://registry.npmjs.org/@angular/platform-browser-dynamic/-/platform-browser-dynamic-4.3.0.tgz",
            "integrity": "sha1-VR+xiFGyfujz5LDuJarRC9ezEuM="
        },
        "@angular/router": {
            "version": "4.3.0",
            "resolved": "https://registry.npmjs.org/@angular/router/-/router-4.3.0.tgz",
            "integrity": "sha1-cbQo8YXrkWGh3hTcGUkhndzf/a4="
        },
        "@angular/upgrade": {
            "version": "4.3.0",
            "resolved": "https://registry.npmjs.org/@angular/upgrade/-/upgrade-4.3.0.tgz",
            "integrity": "sha1-lHvnC1IDdS4RgZP5J580gVGgjsk="
        },
        "@types/socket.io-client": {
            "version": "1.4.29",
            "resolved": "https://registry.npmjs.org/@types/socket.io-client/-/socket.io-client-1.4.29.tgz",
            "integrity": "sha1-+HQwcM7pMXXjbgtqd6ivc+WMyzI="
        },
        "after": {
            "version": "0.8.2",
            "resolved": "https://registry.npmjs.org/after/-/after-0.8.2.tgz",
            "integrity": "sha1-/ts5T58OAqqXaOcCvaI7UF+ufh8="
        },
        "awesome-typescript-loader": {
            "version": "3.2.1",
            "resolved": "https://registry.npmjs.org/awesome-typescript-loader/-/awesome-typescript-loader-3.2.1.tgz",
            "integrity": "sha512-/4abhqe5+wX/hQrquLT95o3QkaUCkzOfC6XQZcbk5sxI5V4rxcA3az7DQRHoHL2EWn7mnP3orzNfkjZAA/TVzA==",
            "dev": true
        },
        "backo2": {
            "version": "1.0.2",
            "resolved": "https://registry.npmjs.org/backo2/-/backo2-1.0.2.tgz",
            "integrity": "sha1-MasayLEpNjRj41s+u2n038+6eUc="
        },
        "bluebird": {
            "version": "3.5.0",
            "resolved": "https://registry.npmjs.org/bluebird/-/bluebird-3.5.0.tgz",
            "integrity": "sha1-eRQg1/VR7qKJdFOop3ZT+WYG1nw="
        },
        "body-parser": {
            "version": "1.17.2",
            "resolved": "https://registry.npmjs.org/body-parser/-/body-parser-1.17.2.tgz",
            "integrity": "sha1-+IkqvI+eYn1Crtr7yma/WrmRBO4="
        },
        "component-bind": {
            "version": "1.0.0",
            "resolved": "https://registry.npmjs.org/component-bind/-/component-bind-1.0.0.tgz",
            "integrity": "sha1-AMYIq33Nk4l8AAllGx06jh5zu9E="
        },
        "component-inherit": {
            "version": "0.0.3",
            "resolved": "https://registry.npmjs.org/component-inherit/-/component-inherit-0.0.3.tgz",
            "integrity": "sha1-ZF/ErfWLcrZJ1crmUTVhnbJv8UM="
        },
        "core-js": {
            "version": "2.4.1",
            "resolved": "https://registry.npmjs.org/core-js/-/core-js-2.4.1.tgz",
            "integrity": "sha1-TekR5mew6ukSTjQlS1OupvxhjT4="
        },
        "express": {
            "version": "4.15.3",
            "resolved": "https://registry.npmjs.org/express/-/express-4.15.3.tgz",
            "integrity": "sha1-urZdDwOqgMNYQIly/HAPkWlEtmI="
        },
        "hammerjs": {
            "version": "2.0.8",
            "resolved": "https://registry.npmjs.org/hammerjs/-/hammerjs-2.0.8.tgz",
            "integrity": "sha1-BO93hiz/K7edMPdpIJWTAiK/YPE="
        },
        "has-binary2": {
            "version": "1.0.2",
            "resolved": "https://registry.npmjs.org/has-binary2/-/has-binary2-1.0.2.tgz",
            "integrity": "sha1-6D26SfC5vk0CbSc2U1DZ8D9Uvpg=",
            "dependencies": {
                "isarray": {
                    "version": "2.0.1",
                    "resolved": "https://registry.npmjs.org/isarray/-/isarray-2.0.1.tgz",
                    "integrity": "sha1-o32U7ZzaLVmGXJ92/llu4fM4dB4="
                }
            }
        },
        "has-cors": {
            "version": "1.1.0",
            "resolved": "https://registry.npmjs.org/has-cors/-/has-cors-1.1.0.tgz",
            "integrity": "sha1-XkdHk/fqmEPRu5nCPu9J/xJv/zk="
        },
        "indexof": {
            "version": "0.0.1",
            "resolved": "https://registry.npmjs.org/indexof/-/indexof-0.0.1.tgz",
            "integrity": "sha1-gtwzbSMrkGIXnQWrMpOmYFn9Q10="
        },
        "jsonwebtoken": {
            "version": "7.4.1",
            "resolved": "https://registry.npmjs.org/jsonwebtoken/-/jsonwebtoken-7.4.1.tgz",
            "integrity": "sha1-fKMk9SFfi+A5zTWmxFu4y3SkSPs="
        },
        "mongoose": {
            "version": "4.11.3",
            "resolved": "https://registry.npmjs.org/mongoose/-/mongoose-4.11.3.tgz",
            "integrity": "sha1-+T1CeygsLnmLD+FTL7Qafd5umNM="
        },
        "ngx-toastr": {
            "version": "5.3.0",
            "resolved": "https://registry.npmjs.org/ngx-toastr/-/ngx-toastr-5.3.0.tgz",
            "integrity": "sha512-rmAGpa8tCkXlQrjddEyBVyf3V9Y65YUeRET2LJCpFqaln2y6tagI9+FfJZIJARgTYpkzwep3XvH7v/ufZZUJ2A=="
        },
        "reflect-metadata": {
            "version": "0.1.10",
            "resolved": "https://registry.npmjs.org/reflect-metadata/-/reflect-metadata-0.1.10.tgz",
            "integrity": "sha1-tPg3BEFqytiZiMmxVjXUfgO5NEo="
        },
        "rxjs": {
            "version": "5.4.2",
            "resolved": "https://registry.npmjs.org/rxjs/-/rxjs-5.4.2.tgz",
            "integrity": "sha1-KjI2/L8D31e64G/Wly/ZnlwI/Pc="
        },
        "socket.io": {
            "version": "2.4.0",
            "resolved": "https://registry.npmjs.org/socket.io/-/socket.io-2.4.0.tgz",
            "integrity": "sha512-9UPJ1UTvKayuQfVv2IQ3k7tCQC/fboDyIK62i99dAQIyHKaBsNdTpwHLgKJ6guRWxRtC9H+138UwpaGuQO9uWQ==",
            "requires": {
                "debug": "~4.1.0",
                "engine.io": "~3.5.0",
                "has-binary2": "~1.0.2",
                "socket.io-adapter": "~1.1.0",
                "socket.io-client": "2.4.0",
                "socket.io-parser": "~3.4.0"
            },
            "dependencies": {
                "accepts": {
                    "version": "1.3.7",
                    "resolved": "https://registry.npmjs.org/accepts/-/accepts-1.3.7.tgz",
                    "integrity": "sha512-Il80Qs2WjYlJIBNzNkK6KYqlVMTbZLXgHx2oT0pU/fjRHyEp+PEfEPY0R3WCwAGVOtauxh1hOxNgIf5bv7dQpA==",
                    "requires": {
                        "mime-types": "~2.1.24",
                        "negotiator": "0.6.2"
                    }
                },
                "arraybuffer.slice": {
                    "version": "0.0.7",
                    "resolved": "https://registry.npmjs.org/arraybuffer.slice/-/arraybuffer.slice-0.0.7.tgz",
                    "integrity": "sha512-wGUIVQXuehL5TCqQun8OW81jGzAWycqzFF8lFp+GOM5BXLYj3bKNsYC4daB7n6XjCqxQA/qgTJ+8ANR3acjrog=="
                },
                "base64-arraybuffer": {
                    "version": "0.1.4",
                    "resolved": "https://registry.npmjs.org/base64-arraybuffer/-/base64-arraybuffer-0.1.4.tgz",
                    "integrity": "sha1-mBjHngWbE1X5fgQooBfIOOkLqBI="
                },
                "base64id": {
                    "version": "2.0.0",
                    "resolved": "https://registry.npmjs.org/base64id/-/base64id-2.0.0.tgz",
                    "integrity": "sha512-lGe34o6EHj9y3Kts9R4ZYs/Gr+6N7MCaMlIFA3F1R2O5/m7K06AxfSeO5530PEERE6/WyEg3lsuyw4GHlPZHog=="
                },
                "blob": {
                    "version": "0.0.5",
                    "resolved": "https://registry.npmjs.org/blob/-/blob-0.0.5.tgz",
                    "integrity": "sha512-gaqbzQPqOoamawKg0LGVd7SzLgXS+JH61oWprSLH+P+abTczqJbhTR8CmJ2u9/bUYNmHTGJx/UEmn6doAvvuig=="
                },
                "component-emitter": {
                    "version": "1.3.0",
                    "resolved": "https://registry.npmjs.org/component-emitter/-/component-emitter-1.3.0.tgz",
                    "integrity": "sha512-Rd3se6QB+sO1TwqZjscQrurpEPIfO0/yYnSin6Q/rD3mOutHvUrCAhJub3r90uNb+SESBuE0QYoB90YdfatsRg=="
                },
                "cookie": {
                    "version": "0.4.1",
                    "resolved": "https://registry.npmjs.org/cookie/-/cookie-0.4.1.tgz",
                    "integrity": "sha512-ZwrFkGJxUR3EIoXtO+yVE69Eb7KlixbaeAWfBQB9vVsNn/o+Yw69gBWSSDK825hQNdN+wF8zELf3dFNl/kxkUA=="
                },
                "debug": {
                    "version": "4.1.1",
                    "resolved": "https://registry.npmjs.org/debug/-/debug-4.1.1.tgz",
                    "integrity": "sha512-pYAIzeRo8J6KPEaJ0VWOh5Pzkbw/RetuzehGM7QRRX5he4fPHx2rdKMB256ehJCkX+XRQm16eZLqLNS8RSZXZw==",
                    "requires": {
                        "ms": "^2.1.1"
                    }
                },
                "engine.io": {
                    "version": "3.5.0",
                    "resolved": "https://registry.npmjs.org/engine.io/-/engine.io-3.5.0.tgz",
                    "integrity": "sha512-21HlvPUKaitDGE4GXNtQ7PLP0Sz4aWLddMPw2VTyFz1FVZqu/kZsJUO8WNpKuE/OCL7nkfRaOui2ZCJloGznGA==",
                    "requires": {
                        "accepts": "~1.3.4",
                        "base64id": "2.0.0",
                        "cookie": "~0.4.1",
                        "debug": "~4.1.0",
                        "engine.io-parser": "~2.2.0",
                        "ws": "~7.4.2"
                    }
                },
                "engine.io-client": {
                    "version": "3.5.0",
                    "resolved": "https://registry.npmjs.org/engine.io-client/-/engine.io-client-3.5.0.tgz",
                    "integrity": "sha512-12wPRfMrugVw/DNyJk34GQ5vIVArEcVMXWugQGGuw2XxUSztFNmJggZmv8IZlLyEdnpO1QB9LkcjeWewO2vxtA==",
                    "requires": {
                        "component-emitter": "~1.3.0",
                        "component-inherit": "0.0.3",
                        "debug": "~3.1.0",
                        "engine.io-parser": "~2.2.0",
                        "has-cors": "1.1.0",
                        "indexof": "0.0.1",
                        "parseqs": "0.0.6",
                        "parseuri": "0.0.6",
                        "ws": "~7.4.2",
                        "xmlhttprequest-ssl": "~1.5.4",
                        "yeast": "0.1.2"
                    },
                    "dependencies": {
                        "debug": {
                            "version": "3.1.0",
                            "resolved": "https://registry.npmjs.org/debug/-/debug-3.1.0.tgz",
                            "integrity": "sha512-OX8XqP7/1a9cqkxYw2yXss15f26NKWBpDXQd0/uK/KPqdQhxbPa994hnzjcE2VqQpDslf55723cKPUOGSmMY3g==",
                            "requires": {
                                "ms": "2.0.0"
                            }
                        },
                        "ms": {
                            "version": "2.0.0",
                            "resolved": "https://registry.npmjs.org/ms/-/ms-2.0.0.tgz",
                            "integrity": "sha1-VgiurfwAvmwpAd9fmGF4jeDVl8g="
                        }
                    }
                },
                "engine.io-parser": {
                    "version": "2.2.1",
                    "resolved": "https://registry.npmjs.org/engine.io-parser/-/engine.io-parser-2.2.1.tgz",
                    "integrity": "sha512-x+dN/fBH8Ro8TFwJ+rkB2AmuVw9Yu2mockR/p3W8f8YtExwFgDvBDi0GWyb4ZLkpahtDGZgtr3zLovanJghPqg==",
                    "requires": {
                        "after": "0.8.2",
                        "arraybuffer.slice": "~0.0.7",
                        "base64-arraybuffer": "0.1.4",
                        "blob": "0.0.5",
                        "has-binary2": "~1.0.2"
                    }
                },
                "isarray": {
                    "version": "2.0.1",
                    "resolved": "https://registry.npmjs.org/isarray/-/isarray-2.0.1.tgz",
                    "integrity": "sha1-o32U7ZzaLVmGXJ92/llu4fM4dB4="
                },
                "mime-db": {
                    "version": "1.45.0",
                    "resolved": "https://registry.npmjs.org/mime-db/-/mime-db-1.45.0.tgz",
                    "integrity": "sha512-CkqLUxUk15hofLoLyljJSrukZi8mAtgd+yE5uO4tqRZsdsAJKv0O+rFMhVDRJgozy+yG6md5KwuXhD4ocIoP+w=="
                },
                "mime-types": {
                    "version": "2.1.28",
                    "resolved": "https://registry.npmjs.org/mime-types/-/mime-types-2.1.28.tgz",
                    "integrity": "sha512-0TO2yJ5YHYr7M2zzT7gDU1tbwHxEUWBCLt0lscSNpcdAfFyJOVEpRYNS7EXVcTLNj/25QO8gulHC5JtTzSE2UQ==",
                    "requires": {
                        "mime-db": "1.45.0"
                    }
                },
                "ms": {
                    "version": "2.1.3",
                    "resolved": "https://registry.npmjs.org/ms/-/ms-2.1.3.tgz",
                    "integrity": "sha512-6FlzubTLZG3J2a/NVCAleEhjzq5oxgHyaCU9yYXvcLsvoVaHJq/s5xXI6/XXP6tz7R9xAOtHnSO/tXtF3WRTlA=="
                },
                "negotiator": {
                    "version": "0.6.2",
                    "resolved": "https://registry.npmjs.org/negotiator/-/negotiator-0.6.2.tgz",
                    "integrity": "sha512-hZXc7K2e+PgeI1eDBe/10Ard4ekbfrrqG8Ep+8Jmf4JID2bNg7NvCPOZN+kfF574pFQI7mum2AUqDidoKqcTOw=="
                },
                "parseqs": {
                    "version": "0.0.6",
                    "resolved": "https://registry.npmjs.org/parseqs/-/parseqs-0.0.6.tgz",
                    "integrity": "sha512-jeAGzMDbfSHHA091hr0r31eYfTig+29g3GKKE/PPbEQ65X0lmMwlEoqmhzu0iztID5uJpZsFlUPDP8ThPL7M8w=="
                },
                "parseuri": {
                    "version": "0.0.6",
                    "resolved": "https://registry.npmjs.org/parseuri/-/parseuri-0.0.6.tgz",
                    "integrity": "sha512-AUjen8sAkGgao7UyCX6Ahv0gIK2fABKmYjvP4xmy5JaKvcbTRueIqIPHLAfq30xJddqSE033IOMUSOMCcK3Sow=="
                },
                "socket.io-client": {
                    "version": "2.4.0",
                    "resolved": "https://registry.npmjs.org/socket.io-client/-/socket.io-client-2.4.0.tgz",
                    "integrity": "sha512-M6xhnKQHuuZd4Ba9vltCLT9oa+YvTsP8j9NcEiLElfIg8KeYPyhWOes6x4t+LTAC8enQbE/995AdTem2uNyKKQ==",
                    "requires": {
                        "backo2": "1.0.2",
                        "component-bind": "1.0.0",
                        "component-emitter": "~1.3.0",
                        "debug": "~3.1.0",
                        "engine.io-client": "~3.5.0",
                        "has-binary2": "~1.0.2",
                        "indexof": "0.0.1",
                        "parseqs": "0.0.6",
                        "parseuri": "0.0.6",
                        "socket.io-parser": "~3.3.0",
                        "to-array": "0.1.4"
                    },
                    "dependencies": {
                        "debug": {
                            "version": "3.1.0",
                            "resolved": "https://registry.npmjs.org/debug/-/debug-3.1.0.tgz",
                            "integrity": "sha512-OX8XqP7/1a9cqkxYw2yXss15f26NKWBpDXQd0/uK/KPqdQhxbPa994hnzjcE2VqQpDslf55723cKPUOGSmMY3g==",
                            "requires": {
                                "ms": "2.0.0"
                            }
                        },
                        "ms": {
                            "version": "2.0.0",
                            "resolved": "https://registry.npmjs.org/ms/-/ms-2.0.0.tgz",
                            "integrity": "sha1-VgiurfwAvmwpAd9fmGF4jeDVl8g="
                        },
                        "socket.io-parser": {
                            "version": "3.3.2",
                            "resolved": "https://registry.npmjs.org/socket.io-parser/-/socket.io-parser-3.3.2.tgz",
                            "integrity": "sha512-FJvDBuOALxdCI9qwRrO/Rfp9yfndRtc1jSgVgV8FDraihmSP/MLGD5PEuJrNfjALvcQ+vMDM/33AWOYP/JSjDg==",
                            "requires": {
                                "component-emitter": "~1.3.0",
                                "debug": "~3.1.0",
                                "isarray": "2.0.1"
                            }
                        }
                    }
                },
                "socket.io-parser": {
                    "version": "3.4.1",
                    "resolved": "https://registry.npmjs.org/socket.io-parser/-/socket.io-parser-3.4.1.tgz",
                    "integrity": "sha512-11hMgzL+WCLWf1uFtHSNvliI++tcRUWdoeYuwIl+Axvwy9z2gQM+7nJyN3STj1tLj5JyIUH8/gpDGxzAlDdi0A==",
                    "requires": {
                        "component-emitter": "1.2.1",
                        "debug": "~4.1.0",
                        "isarray": "2.0.1"
                    },
                    "dependencies": {
                        "component-emitter": {
                            "version": "1.2.1",
                            "resolved": "https://registry.npmjs.org/component-emitter/-/component-emitter-1.2.1.tgz",
                            "integrity": "sha1-E3kY1teCg/ffemt8WmPhQOaUJeY="
                        }
                    }
                },
                "ws": {
                    "version": "7.4.2",
                    "resolved": "https://registry.npmjs.org/ws/-/ws-7.4.2.tgz",
                    "integrity": "sha512-T4tewALS3+qsrpGI/8dqNMLIVdq/g/85U98HPMa6F0m6xTbvhXU6RCQLqPH3+SlomNV/LdY6RXEbBpMH6EOJnA=="
                },
                "xmlhttprequest-ssl": {
                    "version": "1.5.5",
                    "resolved": "https://registry.npmjs.org/xmlhttprequest-ssl/-/xmlhttprequest-ssl-1.5.5.tgz",
                    "integrity": "sha1-wodrBhaKrcQOV9l+gRkayPQ5iz4="
                }
            }
        },
        "socket.io-adapter": {
            "version": "1.1.0",
            "resolved": "https://registry.npmjs.org/socket.io-adapter/-/socket.io-adapter-1.1.0.tgz",
            "integrity": "sha1-x6pGUB3VVsLLiiivj/lcC14dqkw=",
            "dependencies": {
                "debug": {
                    "version": "2.3.3",
                    "resolved": "https://registry.npmjs.org/debug/-/debug-2.3.3.tgz",
                    "integrity": "sha1-QMRT5n5uE8kB3ewxeviYbNqe/4w="
                },
                "ms": {
                    "version": "0.7.2",
                    "resolved": "https://registry.npmjs.org/ms/-/ms-0.7.2.tgz",
                    "integrity": "sha1-riXPJRKziFodldfwN4aNhDESR2U="
                }
            }
        },
        "socket.io-client": {
            "version": "2.0.3",
            "resolved": "https://registry.npmjs.org/socket.io-client/-/socket.io-client-2.0.3.tgz",
            "integrity": "sha1-bK9K/5+FsZ/ZG2zhPWmttWT4hzs="
        },
        "to-array": {
            "version": "0.1.4",
            "resolved": "https://registry.npmjs.org/to-array/-/to-array-0.1.4.tgz",
            "integrity": "sha1-F+bBH3PdTz10zaek/zI46a2b+JA="
        },
        "typescript": {
            "version": "2.4.1",
            "resolved": "https://registry.npmjs.org/typescript/-/typescript-2.4.1.tgz",
            "integrity": "sha1-w8yxbdqgsjFN4DHn5v7onlujRrw=",
            "dev": true
        },
        "webpack": {
            "version": "2.7.0",
            "resolved": "https://registry.npmjs.org/webpack/-/webpack-2.7.0.tgz",
            "integrity": "sha512-MjAA0ZqO1ba7ZQJRnoCdbM56mmFpipOPUv/vQpwwfSI42p5PVDdoiuK2AL2FwFUVgT859Jr43bFZXRg/LNsqvg==",
            "dev": true,
            "dependencies": {
                "loader-utils": {
                    "version": "0.2.17",
                    "resolved": "https://registry.npmjs.org/loader-utils/-/loader-utils-0.2.17.tgz",
                    "integrity": "sha1-+G5jdNQyBabmxg6RlvF8Apm/s0g="
                }
            }
        },
        "yeast": {
            "version": "0.1.2",
            "resolved": "https://registry.npmjs.org/yeast/-/yeast-0.1.2.tgz",
            "integrity": "sha1-AI4G2AlDIMNy28L47XagymyKxBk="
        },
        "zone.js": {
            "version": "0.8.13",
            "resolved": "https://registry.npmjs.org/zone.js/-/zone.js-0.8.13.tgz",
            "integrity": "sha1-8IIlJfrZQVgqA7v+ceshdAMV3dA="
        }
    }
}
